
Microsoft Visual Studio Solution File, Format Version 12.00
# Visual Studio Version 16
VisualStudioVersion = 16.0.32510.428
MinimumVisualStudioVersion = 10.0.40219.1
Project("{FAE04EC0-301F-11D3-BF4B-00C04F79EFBC}") = "Belet", "Belet.csproj", "{273E3716-8E5D-4EDB-9647-1E1F079E1154}"
EndProject
Global
	GlobalSection(SolutionConfigurationPlatforms) = preSolution
		Debug|Any CPU = Debug|Any CPU
		Release|Any CPU = Release|Any CPU
	EndGlobalSection
	GlobalSection(ProjectConfigurationPlatforms) = postSolution
		{273E3716-8E5D-4EDB-9647-1E1F079E1154}.Debug|Any CPU.ActiveCfg = Debug|Any CPU
		{273E3716-8E5D-4EDB-9647-1E1F079E1154}.Debug|Any CPU.Build.0 = Debug|Any CPU
		{273E3716-8E5D-4EDB-9647-1E1F079E1154}.Release|Any CPU.ActiveCfg = Release|Any CPU
		{273E3716-8E5D-4EDB-9647-1E1F079E1154}.Release|Any CPU.Build.0 = Release|Any CPU
	EndGlobalSection
	GlobalSection(SolutionProperties) = preSolution
		HideSolutionNode = FALSE
	EndGlobalSection
	GlobalSection(ExtensibilityGlobals) = postSolution
		SolutionGuid = {7A6828AA-6A6E-431C-BC60-E9A3F0C7E6F8}
	EndGlobalSection
EndGlobal
